{
    "version": 3,
    "terraform_version": "0.11.14",
    "serial": 3,
    "lineage": "ea5b5830-f3a1-b8e7-6a59-e3d8059738cc",
    "modules": [
        {
            "path": [
                "root"
            ],
            "outputs": {},
            "resources": {
                "azurerm_network_interface.donnes": {
                    "type": "azurerm_network_interface",
                    "depends_on": [
                        "azurerm_network_security_group.donnes",
                        "azurerm_public_ip.donnes.*",
                        "azurerm_resource_group.donnes",
                        "azurerm_subnet.donnes"
                    ],
                    "primary": {
                        "id": "/subscriptions/5806e574-da31-41a3-ae94-2e95e35eb2e3/resourceGroups/Devs/providers/Microsoft.Network/networkInterfaces/donnes_myNIC-0",
                        "attributes": {
                            "applied_dns_servers.#": "0",
                            "dns_servers.#": "0",
                            "enable_accelerated_networking": "false",
                            "enable_ip_forwarding": "false",
                            "id": "/subscriptions/5806e574-da31-41a3-ae94-2e95e35eb2e3/resourceGroups/Devs/providers/Microsoft.Network/networkInterfaces/donnes_myNIC-0",
                            "internal_dns_name_label": "",
                            "internal_fqdn": "",
                            "ip_configuration.#": "1",
                            "ip_configuration.0.application_gateway_backend_address_pools_ids.#": "0",
                            "ip_configuration.0.application_security_group_ids.#": "0",
                            "ip_configuration.0.load_balancer_backend_address_pools_ids.#": "0",
                            "ip_configuration.0.load_balancer_inbound_nat_rules_ids.#": "0",
                            "ip_configuration.0.name": "donnes_Configuration",
                            "ip_configuration.0.primary": "true",
                            "ip_configuration.0.private_ip_address": "",
                            "ip_configuration.0.private_ip_address_allocation": "dynamic",
                            "ip_configuration.0.private_ip_address_version": "IPv4",
                            "ip_configuration.0.public_ip_address_id": "/subscriptions/5806e574-da31-41a3-ae94-2e95e35eb2e3/resourceGroups/Devs/providers/Microsoft.Network/publicIPAddresses/donnes_myPublicIP-0",
                            "ip_configuration.0.subnet_id": "/subscriptions/5806e574-da31-41a3-ae94-2e95e35eb2e3/resourceGroups/Devs/providers/Microsoft.Network/virtualNetworks/donnes_myVnet/subnets/donnes_Subnet1",
                            "location": "eastus",
                            "mac_address": "",
                            "name": "donnes_myNIC-0",
                            "network_security_group_id": "/subscriptions/5806e574-da31-41a3-ae94-2e95e35eb2e3/resourceGroups/Devs/providers/Microsoft.Network/networkSecurityGroups/donnes_Net_SecurityGroup",
                            "private_ip_address": "10.2.1.4",
                            "private_ip_addresses.#": "1",
                            "private_ip_addresses.0": "10.2.1.4",
                            "resource_group_name": "Devs",
                            "tags.%": "1",
                            "tags.environment": "data"
                        },
                        "meta": {},
                        "tainted": false
                    },
                    "deposed": [],
                    "provider": "provider.azurerm"
                },
                "azurerm_network_interface.metier": {
                    "type": "azurerm_network_interface",
                    "depends_on": [
                        "azurerm_network_security_group.metier",
                        "azurerm_public_ip.metier.*",
                        "azurerm_resource_group.metier",
                        "azurerm_subnet.metier"
                    ],
                    "primary": {
                        "id": "/subscriptions/5806e574-da31-41a3-ae94-2e95e35eb2e3/resourceGroups/Devs/providers/Microsoft.Network/networkInterfaces/metier_myNIC-0",
                        "attributes": {
                            "applied_dns_servers.#": "0",
                            "dns_servers.#": "0",
                            "enable_accelerated_networking": "false",
                            "enable_ip_forwarding": "false",
                            "id": "/subscriptions/5806e574-da31-41a3-ae94-2e95e35eb2e3/resourceGroups/Devs/providers/Microsoft.Network/networkInterfaces/metier_myNIC-0",
                            "internal_dns_name_label": "",
                            "internal_fqdn": "",
                            "ip_configuration.#": "1",
                            "ip_configuration.0.application_gateway_backend_address_pools_ids.#": "0",
                            "ip_configuration.0.application_security_group_ids.#": "0",
                            "ip_configuration.0.load_balancer_backend_address_pools_ids.#": "0",
                            "ip_configuration.0.load_balancer_inbound_nat_rules_ids.#": "0",
                            "ip_configuration.0.name": "metier_Configuration",
                            "ip_configuration.0.primary": "true",
                            "ip_configuration.0.private_ip_address": "",
                            "ip_configuration.0.private_ip_address_allocation": "dynamic",
                            "ip_configuration.0.private_ip_address_version": "IPv4",
                            "ip_configuration.0.public_ip_address_id": "/subscriptions/5806e574-da31-41a3-ae94-2e95e35eb2e3/resourceGroups/Devs/providers/Microsoft.Network/publicIPAddresses/metier_myPublicIP-0",
                            "ip_configuration.0.subnet_id": "/subscriptions/5806e574-da31-41a3-ae94-2e95e35eb2e3/resourceGroups/Devs/providers/Microsoft.Network/virtualNetworks/metier_myVnet/subnets/metier_Subnet1",
                            "location": "eastus",
                            "mac_address": "",
                            "name": "metier_myNIC-0",
                            "network_security_group_id": "/subscriptions/5806e574-da31-41a3-ae94-2e95e35eb2e3/resourceGroups/Devs/providers/Microsoft.Network/networkSecurityGroups/metier_Net_SecurityGroup",
                            "private_ip_address": "10.1.1.4",
                            "private_ip_addresses.#": "1",
                            "private_ip_addresses.0": "10.1.1.4",
                            "resource_group_name": "Devs",
                            "tags.%": "1",
                            "tags.environment": "APPS"
                        },
                        "meta": {},
                        "tainted": false
                    },
                    "deposed": [],
                    "provider": "provider.azurerm"
                },
                "azurerm_network_interface.presentation.0": {
                    "type": "azurerm_network_interface",
                    "depends_on": [
                        "azurerm_network_security_group.presentation",
                        "azurerm_public_ip.presentation.*",
                        "azurerm_resource_group.presentation",
                        "azurerm_subnet.presentation"
                    ],
                    "primary": {
                        "id": "/subscriptions/5806e574-da31-41a3-ae94-2e95e35eb2e3/resourceGroups/Devs/providers/Microsoft.Network/networkInterfaces/myNIC-0",
                        "attributes": {
                            "applied_dns_servers.#": "0",
                            "dns_servers.#": "0",
                            "enable_accelerated_networking": "false",
                            "enable_ip_forwarding": "false",
                            "id": "/subscriptions/5806e574-da31-41a3-ae94-2e95e35eb2e3/resourceGroups/Devs/providers/Microsoft.Network/networkInterfaces/myNIC-0",
                            "internal_dns_name_label": "",
                            "internal_fqdn": "",
                            "ip_configuration.#": "1",
                            "ip_configuration.0.application_gateway_backend_address_pools_ids.#": "0",
                            "ip_configuration.0.application_security_group_ids.#": "0",
                            "ip_configuration.0.load_balancer_backend_address_pools_ids.#": "0",
                            "ip_configuration.0.load_balancer_inbound_nat_rules_ids.#": "0",
                            "ip_configuration.0.name": "presentation-NicConfiguration",
                            "ip_configuration.0.primary": "true",
                            "ip_configuration.0.private_ip_address": "",
                            "ip_configuration.0.private_ip_address_allocation": "dynamic",
                            "ip_configuration.0.private_ip_address_version": "IPv4",
                            "ip_configuration.0.public_ip_address_id": "/subscriptions/5806e574-da31-41a3-ae94-2e95e35eb2e3/resourceGroups/Devs/providers/Microsoft.Network/publicIPAddresses/Presentation_myPublicIP-0",
                            "ip_configuration.0.subnet_id": "/subscriptions/5806e574-da31-41a3-ae94-2e95e35eb2e3/resourceGroups/Devs/providers/Microsoft.Network/virtualNetworks/Presentation_myVnet/subnets/Presentation_Subnet1",
                            "location": "eastus",
                            "mac_address": "",
                            "name": "myNIC-0",
                            "network_security_group_id": "/subscriptions/5806e574-da31-41a3-ae94-2e95e35eb2e3/resourceGroups/Devs/providers/Microsoft.Network/networkSecurityGroups/Presentation_Net_SecurityGroup",
                            "private_ip_address": "10.0.1.5",
                            "private_ip_addresses.#": "1",
                            "private_ip_addresses.0": "10.0.1.5",
                            "resource_group_name": "Devs",
                            "tags.%": "1",
                            "tags.environment": "Tech"
                        },
                        "meta": {},
                        "tainted": false
                    },
                    "deposed": [],
                    "provider": "provider.azurerm"
                },
                "azurerm_network_interface.presentation.1": {
                    "type": "azurerm_network_interface",
                    "depends_on": [
                        "azurerm_network_security_group.presentation",
                        "azurerm_public_ip.presentation.*",
                        "azurerm_resource_group.presentation",
                        "azurerm_subnet.presentation"
                    ],
                    "primary": {
                        "id": "/subscriptions/5806e574-da31-41a3-ae94-2e95e35eb2e3/resourceGroups/Devs/providers/Microsoft.Network/networkInterfaces/myNIC-1",
                        "attributes": {
                            "applied_dns_servers.#": "0",
                            "dns_servers.#": "0",
                            "enable_accelerated_networking": "false",
                            "enable_ip_forwarding": "false",
                            "id": "/subscriptions/5806e574-da31-41a3-ae94-2e95e35eb2e3/resourceGroups/Devs/providers/Microsoft.Network/networkInterfaces/myNIC-1",
                            "internal_dns_name_label": "",
                            "internal_fqdn": "",
                            "ip_configuration.#": "1",
                            "ip_configuration.0.application_gateway_backend_address_pools_ids.#": "0",
                            "ip_configuration.0.application_security_group_ids.#": "0",
                            "ip_configuration.0.load_balancer_backend_address_pools_ids.#": "0",
                            "ip_configuration.0.load_balancer_inbound_nat_rules_ids.#": "0",
                            "ip_configuration.0.name": "presentation-NicConfiguration",
                            "ip_configuration.0.primary": "true",
                            "ip_configuration.0.private_ip_address": "",
                            "ip_configuration.0.private_ip_address_allocation": "dynamic",
                            "ip_configuration.0.private_ip_address_version": "IPv4",
                            "ip_configuration.0.public_ip_address_id": "/subscriptions/5806e574-da31-41a3-ae94-2e95e35eb2e3/resourceGroups/Devs/providers/Microsoft.Network/publicIPAddresses/Presentation_myPublicIP-1",
                            "ip_configuration.0.subnet_id": "/subscriptions/5806e574-da31-41a3-ae94-2e95e35eb2e3/resourceGroups/Devs/providers/Microsoft.Network/virtualNetworks/Presentation_myVnet/subnets/Presentation_Subnet1",
                            "location": "eastus",
                            "mac_address": "",
                            "name": "myNIC-1",
                            "network_security_group_id": "/subscriptions/5806e574-da31-41a3-ae94-2e95e35eb2e3/resourceGroups/Devs/providers/Microsoft.Network/networkSecurityGroups/Presentation_Net_SecurityGroup",
                            "private_ip_address": "10.0.1.4",
                            "private_ip_addresses.#": "1",
                            "private_ip_addresses.0": "10.0.1.4",
                            "resource_group_name": "Devs",
                            "tags.%": "1",
                            "tags.environment": "Tech"
                        },
                        "meta": {},
                        "tainted": false
                    },
                    "deposed": [],
                    "provider": "provider.azurerm"
                },
                "azurerm_network_security_group.donnes": {
                    "type": "azurerm_network_security_group",
                    "depends_on": [
                        "azurerm_resource_group.donnes"
                    ],
                    "primary": {
                        "id": "/subscriptions/5806e574-da31-41a3-ae94-2e95e35eb2e3/resourceGroups/Devs/providers/Microsoft.Network/networkSecurityGroups/donnes_Net_SecurityGroup",
                        "attributes": {
                            "id": "/subscriptions/5806e574-da31-41a3-ae94-2e95e35eb2e3/resourceGroups/Devs/providers/Microsoft.Network/networkSecurityGroups/donnes_Net_SecurityGroup",
                            "location": "eastus",
                            "name": "donnes_Net_SecurityGroup",
                            "resource_group_name": "Devs",
                            "security_rule.#": "3",
                            "security_rule.2792811140.access": "Allow",
                            "security_rule.2792811140.description": "",
                            "security_rule.2792811140.destination_address_prefix": "*",
                            "security_rule.2792811140.destination_address_prefixes.#": "0",
                            "security_rule.2792811140.destination_application_security_group_ids.#": "0",
                            "security_rule.2792811140.destination_port_range": "445",
                            "security_rule.2792811140.destination_port_ranges.#": "0",
                            "security_rule.2792811140.direction": "Outbound",
                            "security_rule.2792811140.name": "donnes_Outrule",
                            "security_rule.2792811140.priority": "101",
                            "security_rule.2792811140.protocol": "Tcp",
                            "security_rule.2792811140.source_address_prefix": "10.2.1.0/29",
                            "security_rule.2792811140.source_address_prefixes.#": "0",
                            "security_rule.2792811140.source_application_security_group_ids.#": "0",
                            "security_rule.2792811140.source_port_range": "445",
                            "security_rule.2792811140.source_port_ranges.#": "0",
                            "security_rule.2852095316.access": "Allow",
                            "security_rule.2852095316.description": "",
                            "security_rule.2852095316.destination_address_prefix": "10.2.0.0/16",
                            "security_rule.2852095316.destination_address_prefixes.#": "0",
                            "security_rule.2852095316.destination_application_security_group_ids.#": "0",
                            "security_rule.2852095316.destination_port_range": "1251",
                            "security_rule.2852095316.destination_port_ranges.#": "0",
                            "security_rule.2852095316.direction": "Inbound",
                            "security_rule.2852095316.name": "donnes_Inrule2",
                            "security_rule.2852095316.priority": "102",
                            "security_rule.2852095316.protocol": "Tcp",
                            "security_rule.2852095316.source_address_prefix": "10.1.0.0/16",
                            "security_rule.2852095316.source_address_prefixes.#": "0",
                            "security_rule.2852095316.source_application_security_group_ids.#": "0",
                            "security_rule.2852095316.source_port_range": "1251",
                            "security_rule.2852095316.source_port_ranges.#": "0",
                            "security_rule.630405801.access": "Allow",
                            "security_rule.630405801.description": "",
                            "security_rule.630405801.destination_address_prefix": "10.1.0.0/16",
                            "security_rule.630405801.destination_address_prefixes.#": "0",
                            "security_rule.630405801.destination_application_security_group_ids.#": "0",
                            "security_rule.630405801.destination_port_range": "1251",
                            "security_rule.630405801.destination_port_ranges.#": "0",
                            "security_rule.630405801.direction": "Outbound",
                            "security_rule.630405801.name": "donnes_Outrule2",
                            "security_rule.630405801.priority": "103",
                            "security_rule.630405801.protocol": "Tcp",
                            "security_rule.630405801.source_address_prefix": "10.2.0.0/16",
                            "security_rule.630405801.source_address_prefixes.#": "0",
                            "security_rule.630405801.source_application_security_group_ids.#": "0",
                            "security_rule.630405801.source_port_range": "1251",
                            "security_rule.630405801.source_port_ranges.#": "0",
                            "tags.%": "1",
                            "tags.environment": "data"
                        },
                        "meta": {},
                        "tainted": false
                    },
                    "deposed": [],
                    "provider": "provider.azurerm"
                },
                "azurerm_network_security_group.metier": {
                    "type": "azurerm_network_security_group",
                    "depends_on": [
                        "azurerm_resource_group.metier"
                    ],
                    "primary": {
                        "id": "/subscriptions/5806e574-da31-41a3-ae94-2e95e35eb2e3/resourceGroups/Devs/providers/Microsoft.Network/networkSecurityGroups/metier_Net_SecurityGroup",
                        "attributes": {
                            "id": "/subscriptions/5806e574-da31-41a3-ae94-2e95e35eb2e3/resourceGroups/Devs/providers/Microsoft.Network/networkSecurityGroups/metier_Net_SecurityGroup",
                            "location": "eastus",
                            "name": "metier_Net_SecurityGroup",
                            "resource_group_name": "Devs",
                            "security_rule.#": "4",
                            "security_rule.140343652.access": "Allow",
                            "security_rule.140343652.description": "",
                            "security_rule.140343652.destination_address_prefix": "10.0.0.0/16",
                            "security_rule.140343652.destination_address_prefixes.#": "0",
                            "security_rule.140343652.destination_application_security_group_ids.#": "0",
                            "security_rule.140343652.destination_port_range": "7050",
                            "security_rule.140343652.destination_port_ranges.#": "0",
                            "security_rule.140343652.direction": "Outbound",
                            "security_rule.140343652.name": "metier_Outrule2",
                            "security_rule.140343652.priority": "104",
                            "security_rule.140343652.protocol": "Tcp",
                            "security_rule.140343652.source_address_prefix": "10.1.0.0/16",
                            "security_rule.140343652.source_address_prefixes.#": "0",
                            "security_rule.140343652.source_application_security_group_ids.#": "0",
                            "security_rule.140343652.source_port_range": "7050",
                            "security_rule.140343652.source_port_ranges.#": "0",
                            "security_rule.1880293998.access": "Allow",
                            "security_rule.1880293998.description": "",
                            "security_rule.1880293998.destination_address_prefix": "10.2.0.0/16",
                            "security_rule.1880293998.destination_address_prefixes.#": "0",
                            "security_rule.1880293998.destination_application_security_group_ids.#": "0",
                            "security_rule.1880293998.destination_port_range": "1251",
                            "security_rule.1880293998.destination_port_ranges.#": "0",
                            "security_rule.1880293998.direction": "Outbound",
                            "security_rule.1880293998.name": "metier_Outrule",
                            "security_rule.1880293998.priority": "101",
                            "security_rule.1880293998.protocol": "Tcp",
                            "security_rule.1880293998.source_address_prefix": "10.1.0.0/16",
                            "security_rule.1880293998.source_address_prefixes.#": "0",
                            "security_rule.1880293998.source_application_security_group_ids.#": "0",
                            "security_rule.1880293998.source_port_range": "1251",
                            "security_rule.1880293998.source_port_ranges.#": "0",
                            "security_rule.2955702022.access": "Allow",
                            "security_rule.2955702022.description": "",
                            "security_rule.2955702022.destination_address_prefix": "10.1.0.0/16",
                            "security_rule.2955702022.destination_address_prefixes.#": "0",
                            "security_rule.2955702022.destination_application_security_group_ids.#": "0",
                            "security_rule.2955702022.destination_port_range": "1251",
                            "security_rule.2955702022.destination_port_ranges.#": "0",
                            "security_rule.2955702022.direction": "Inbound",
                            "security_rule.2955702022.name": "metier_Inrule",
                            "security_rule.2955702022.priority": "102",
                            "security_rule.2955702022.protocol": "Tcp",
                            "security_rule.2955702022.source_address_prefix": "10.2.0.0/16",
                            "security_rule.2955702022.source_address_prefixes.#": "0",
                            "security_rule.2955702022.source_application_security_group_ids.#": "0",
                            "security_rule.2955702022.source_port_range": "1251",
                            "security_rule.2955702022.source_port_ranges.#": "0",
                            "security_rule.796564311.access": "Allow",
                            "security_rule.796564311.description": "",
                            "security_rule.796564311.destination_address_prefix": "10.1.0.0/16",
                            "security_rule.796564311.destination_address_prefixes.#": "0",
                            "security_rule.796564311.destination_application_security_group_ids.#": "0",
                            "security_rule.796564311.destination_port_range": "7050",
                            "security_rule.796564311.destination_port_ranges.#": "0",
                            "security_rule.796564311.direction": "Inbound",
                            "security_rule.796564311.name": "metier_Inrule2",
                            "security_rule.796564311.priority": "103",
                            "security_rule.796564311.protocol": "Tcp",
                            "security_rule.796564311.source_address_prefix": "10.0.0.0/16",
                            "security_rule.796564311.source_address_prefixes.#": "0",
                            "security_rule.796564311.source_application_security_group_ids.#": "0",
                            "security_rule.796564311.source_port_range": "7050",
                            "security_rule.796564311.source_port_ranges.#": "0",
                            "tags.%": "1",
                            "tags.environment": "APPS"
                        },
                        "meta": {},
                        "tainted": false
                    },
                    "deposed": [],
                    "provider": "provider.azurerm"
                },
                "azurerm_network_security_group.presentation": {
                    "type": "azurerm_network_security_group",
                    "depends_on": [
                        "azurerm_resource_group.presentation"
                    ],
                    "primary": {
                        "id": "/subscriptions/5806e574-da31-41a3-ae94-2e95e35eb2e3/resourceGroups/Devs/providers/Microsoft.Network/networkSecurityGroups/Presentation_Net_SecurityGroup",
                        "attributes": {
                            "id": "/subscriptions/5806e574-da31-41a3-ae94-2e95e35eb2e3/resourceGroups/Devs/providers/Microsoft.Network/networkSecurityGroups/Presentation_Net_SecurityGroup",
                            "location": "eastus",
                            "name": "Presentation_Net_SecurityGroup",
                            "resource_group_name": "Devs",
                            "security_rule.#": "4",
                            "security_rule.2008300084.access": "Allow",
                            "security_rule.2008300084.description": "",
                            "security_rule.2008300084.destination_address_prefix": "*",
                            "security_rule.2008300084.destination_address_prefixes.#": "0",
                            "security_rule.2008300084.destination_application_security_group_ids.#": "0",
                            "security_rule.2008300084.destination_port_range": "22",
                            "security_rule.2008300084.destination_port_ranges.#": "0",
                            "security_rule.2008300084.direction": "Inbound",
                            "security_rule.2008300084.name": "SSH",
                            "security_rule.2008300084.priority": "101",
                            "security_rule.2008300084.protocol": "Tcp",
                            "security_rule.2008300084.source_address_prefix": "*",
                            "security_rule.2008300084.source_address_prefixes.#": "0",
                            "security_rule.2008300084.source_application_security_group_ids.#": "0",
                            "security_rule.2008300084.source_port_range": "*",
                            "security_rule.2008300084.source_port_ranges.#": "0",
                            "security_rule.2703263217.access": "Allow",
                            "security_rule.2703263217.description": "",
                            "security_rule.2703263217.destination_address_prefix": "*",
                            "security_rule.2703263217.destination_address_prefixes.#": "0",
                            "security_rule.2703263217.destination_application_security_group_ids.#": "0",
                            "security_rule.2703263217.destination_port_range": "80",
                            "security_rule.2703263217.destination_port_ranges.#": "0",
                            "security_rule.2703263217.direction": "Inbound",
                            "security_rule.2703263217.name": "Presentation_Inrule",
                            "security_rule.2703263217.priority": "104",
                            "security_rule.2703263217.protocol": "Tcp",
                            "security_rule.2703263217.source_address_prefix": "*",
                            "security_rule.2703263217.source_address_prefixes.#": "0",
                            "security_rule.2703263217.source_application_security_group_ids.#": "0",
                            "security_rule.2703263217.source_port_range": "80",
                            "security_rule.2703263217.source_port_ranges.#": "0",
                            "security_rule.2860159346.access": "Allow",
                            "security_rule.2860159346.description": "",
                            "security_rule.2860159346.destination_address_prefix": "10.0.0.0/16",
                            "security_rule.2860159346.destination_address_prefixes.#": "0",
                            "security_rule.2860159346.destination_application_security_group_ids.#": "0",
                            "security_rule.2860159346.destination_port_range": "7050",
                            "security_rule.2860159346.destination_port_ranges.#": "0",
                            "security_rule.2860159346.direction": "Inbound",
                            "security_rule.2860159346.name": "7050_Inrule",
                            "security_rule.2860159346.priority": "103",
                            "security_rule.2860159346.protocol": "Tcp",
                            "security_rule.2860159346.source_address_prefix": "10.1.0.0/16",
                            "security_rule.2860159346.source_address_prefixes.#": "0",
                            "security_rule.2860159346.source_application_security_group_ids.#": "0",
                            "security_rule.2860159346.source_port_range": "7050",
                            "security_rule.2860159346.source_port_ranges.#": "0",
                            "security_rule.353003686.access": "Allow",
                            "security_rule.353003686.description": "",
                            "security_rule.353003686.destination_address_prefix": "10.1.0.0/16",
                            "security_rule.353003686.destination_address_prefixes.#": "0",
                            "security_rule.353003686.destination_application_security_group_ids.#": "0",
                            "security_rule.353003686.destination_port_range": "7050",
                            "security_rule.353003686.destination_port_ranges.#": "0",
                            "security_rule.353003686.direction": "Outbound",
                            "security_rule.353003686.name": "7050_Outrule",
                            "security_rule.353003686.priority": "102",
                            "security_rule.353003686.protocol": "Tcp",
                            "security_rule.353003686.source_address_prefix": "*",
                            "security_rule.353003686.source_address_prefixes.#": "0",
                            "security_rule.353003686.source_application_security_group_ids.#": "0",
                            "security_rule.353003686.source_port_range": "7050",
                            "security_rule.353003686.source_port_ranges.#": "0",
                            "tags.%": "1",
                            "tags.environment": "Tech"
                        },
                        "meta": {},
                        "tainted": false
                    },
                    "deposed": [],
                    "provider": "provider.azurerm"
                },
                "azurerm_public_ip.donnes": {
                    "type": "azurerm_public_ip",
                    "depends_on": [
                        "azurerm_resource_group.donnes"
                    ],
                    "primary": {
                        "id": "/subscriptions/5806e574-da31-41a3-ae94-2e95e35eb2e3/resourceGroups/Devs/providers/Microsoft.Network/publicIPAddresses/donnes_myPublicIP-0",
                        "attributes": {
                            "allocation_method": "Dynamic",
                            "id": "/subscriptions/5806e574-da31-41a3-ae94-2e95e35eb2e3/resourceGroups/Devs/providers/Microsoft.Network/publicIPAddresses/donnes_myPublicIP-0",
                            "idle_timeout_in_minutes": "4",
                            "ip_address": "",
                            "ip_version": "IPv4",
                            "location": "eastus",
                            "name": "donnes_myPublicIP-0",
                            "public_ip_address_allocation": "Dynamic",
                            "resource_group_name": "Devs",
                            "sku": "Basic",
                            "tags.%": "1",
                            "tags.environment": "data",
                            "zones.#": "0"
                        },
                        "meta": {},
                        "tainted": false
                    },
                    "deposed": [],
                    "provider": "provider.azurerm"
                },
                "azurerm_public_ip.metier": {
                    "type": "azurerm_public_ip",
                    "depends_on": [
                        "azurerm_resource_group.metier"
                    ],
                    "primary": {
                        "id": "/subscriptions/5806e574-da31-41a3-ae94-2e95e35eb2e3/resourceGroups/Devs/providers/Microsoft.Network/publicIPAddresses/metier_myPublicIP-0",
                        "attributes": {
                            "allocation_method": "Dynamic",
                            "id": "/subscriptions/5806e574-da31-41a3-ae94-2e95e35eb2e3/resourceGroups/Devs/providers/Microsoft.Network/publicIPAddresses/metier_myPublicIP-0",
                            "idle_timeout_in_minutes": "4",
                            "ip_address": "",
                            "ip_version": "IPv4",
                            "location": "eastus",
                            "name": "metier_myPublicIP-0",
                            "public_ip_address_allocation": "Dynamic",
                            "resource_group_name": "Devs",
                            "sku": "Basic",
                            "tags.%": "1",
                            "tags.environment": "APPS",
                            "zones.#": "0"
                        },
                        "meta": {},
                        "tainted": false
                    },
                    "deposed": [],
                    "provider": "provider.azurerm"
                },
                "azurerm_public_ip.presentation.0": {
                    "type": "azurerm_public_ip",
                    "depends_on": [
                        "azurerm_resource_group.presentation"
                    ],
                    "primary": {
                        "id": "/subscriptions/5806e574-da31-41a3-ae94-2e95e35eb2e3/resourceGroups/Devs/providers/Microsoft.Network/publicIPAddresses/Presentation_myPublicIP-0",
                        "attributes": {
                            "allocation_method": "Dynamic",
                            "id": "/subscriptions/5806e574-da31-41a3-ae94-2e95e35eb2e3/resourceGroups/Devs/providers/Microsoft.Network/publicIPAddresses/Presentation_myPublicIP-0",
                            "idle_timeout_in_minutes": "4",
                            "ip_address": "",
                            "ip_version": "IPv4",
                            "location": "eastus",
                            "name": "Presentation_myPublicIP-0",
                            "public_ip_address_allocation": "Dynamic",
                            "resource_group_name": "Devs",
                            "sku": "Basic",
                            "tags.%": "1",
                            "tags.environment": "Tech",
                            "zones.#": "0"
                        },
                        "meta": {},
                        "tainted": false
                    },
                    "deposed": [],
                    "provider": "provider.azurerm"
                },
                "azurerm_public_ip.presentation.1": {
                    "type": "azurerm_public_ip",
                    "depends_on": [
                        "azurerm_resource_group.presentation"
                    ],
                    "primary": {
                        "id": "/subscriptions/5806e574-da31-41a3-ae94-2e95e35eb2e3/resourceGroups/Devs/providers/Microsoft.Network/publicIPAddresses/Presentation_myPublicIP-1",
                        "attributes": {
                            "allocation_method": "Dynamic",
                            "id": "/subscriptions/5806e574-da31-41a3-ae94-2e95e35eb2e3/resourceGroups/Devs/providers/Microsoft.Network/publicIPAddresses/Presentation_myPublicIP-1",
                            "idle_timeout_in_minutes": "4",
                            "ip_address": "",
                            "ip_version": "IPv4",
                            "location": "eastus",
                            "name": "Presentation_myPublicIP-1",
                            "public_ip_address_allocation": "Dynamic",
                            "resource_group_name": "Devs",
                            "sku": "Basic",
                            "tags.%": "1",
                            "tags.environment": "Tech",
                            "zones.#": "0"
                        },
                        "meta": {},
                        "tainted": false
                    },
                    "deposed": [],
                    "provider": "provider.azurerm"
                },
                "azurerm_resource_group.donnes": {
                    "type": "azurerm_resource_group",
                    "depends_on": [],
                    "primary": {
                        "id": "/subscriptions/5806e574-da31-41a3-ae94-2e95e35eb2e3/resourceGroups/Devs",
                        "attributes": {
                            "id": "/subscriptions/5806e574-da31-41a3-ae94-2e95e35eb2e3/resourceGroups/Devs",
                            "location": "eastus",
                            "name": "Devs",
                            "tags.%": "1",
                            "tags.environment": "APPS"
                        },
                        "meta": {},
                        "tainted": false
                    },
                    "deposed": [],
                    "provider": "provider.azurerm"
                },
                "azurerm_resource_group.metier": {
                    "type": "azurerm_resource_group",
                    "depends_on": [],
                    "primary": {
                        "id": "/subscriptions/5806e574-da31-41a3-ae94-2e95e35eb2e3/resourceGroups/Devs",
                        "attributes": {
                            "id": "/subscriptions/5806e574-da31-41a3-ae94-2e95e35eb2e3/resourceGroups/Devs",
                            "location": "eastus",
                            "name": "Devs",
                            "tags.%": "1",
                            "tags.environment": "APPS"
                        },
                        "meta": {},
                        "tainted": false
                    },
                    "deposed": [],
                    "provider": "provider.azurerm"
                },
                "azurerm_resource_group.presentation": {
                    "type": "azurerm_resource_group",
                    "depends_on": [],
                    "primary": {
                        "id": "/subscriptions/5806e574-da31-41a3-ae94-2e95e35eb2e3/resourceGroups/Devs",
                        "attributes": {
                            "id": "/subscriptions/5806e574-da31-41a3-ae94-2e95e35eb2e3/resourceGroups/Devs",
                            "location": "eastus",
                            "name": "Devs",
                            "tags.%": "1",
                            "tags.environment": "APPS"
                        },
                        "meta": {},
                        "tainted": false
                    },
                    "deposed": [],
                    "provider": "provider.azurerm"
                },
                "azurerm_subnet.donnes": {
                    "type": "azurerm_subnet",
                    "depends_on": [
                        "azurerm_resource_group.donnes",
                        "azurerm_virtual_network.donnes"
                    ],
                    "primary": {
                        "id": "/subscriptions/5806e574-da31-41a3-ae94-2e95e35eb2e3/resourceGroups/Devs/providers/Microsoft.Network/virtualNetworks/donnes_myVnet/subnets/donnes_Subnet1",
                        "attributes": {
                            "address_prefix": "10.2.1.0/29",
                            "delegation.#": "0",
                            "id": "/subscriptions/5806e574-da31-41a3-ae94-2e95e35eb2e3/resourceGroups/Devs/providers/Microsoft.Network/virtualNetworks/donnes_myVnet/subnets/donnes_Subnet1",
                            "ip_configurations.#": "0",
                            "name": "donnes_Subnet1",
                            "network_security_group_id": "",
                            "resource_group_name": "Devs",
                            "route_table_id": "",
                            "service_endpoints.#": "0",
                            "virtual_network_name": "donnes_myVnet"
                        },
                        "meta": {},
                        "tainted": false
                    },
                    "deposed": [],
                    "provider": "provider.azurerm"
                },
                "azurerm_subnet.metier": {
                    "type": "azurerm_subnet",
                    "depends_on": [
                        "azurerm_resource_group.metier",
                        "azurerm_virtual_network.metier"
                    ],
                    "primary": {
                        "id": "/subscriptions/5806e574-da31-41a3-ae94-2e95e35eb2e3/resourceGroups/Devs/providers/Microsoft.Network/virtualNetworks/metier_myVnet/subnets/metier_Subnet1",
                        "attributes": {
                            "address_prefix": "10.1.1.0/29",
                            "delegation.#": "0",
                            "id": "/subscriptions/5806e574-da31-41a3-ae94-2e95e35eb2e3/resourceGroups/Devs/providers/Microsoft.Network/virtualNetworks/metier_myVnet/subnets/metier_Subnet1",
                            "ip_configurations.#": "0",
                            "name": "metier_Subnet1",
                            "network_security_group_id": "",
                            "resource_group_name": "Devs",
                            "route_table_id": "",
                            "service_endpoints.#": "0",
                            "virtual_network_name": "metier_myVnet"
                        },
                        "meta": {},
                        "tainted": false
                    },
                    "deposed": [],
                    "provider": "provider.azurerm"
                },
                "azurerm_subnet.presentation": {
                    "type": "azurerm_subnet",
                    "depends_on": [
                        "azurerm_resource_group.presentation",
                        "azurerm_virtual_network.presentation"
                    ],
                    "primary": {
                        "id": "/subscriptions/5806e574-da31-41a3-ae94-2e95e35eb2e3/resourceGroups/Devs/providers/Microsoft.Network/virtualNetworks/Presentation_myVnet/subnets/Presentation_Subnet1",
                        "attributes": {
                            "address_prefix": "10.0.1.0/29",
                            "delegation.#": "0",
                            "id": "/subscriptions/5806e574-da31-41a3-ae94-2e95e35eb2e3/resourceGroups/Devs/providers/Microsoft.Network/virtualNetworks/Presentation_myVnet/subnets/Presentation_Subnet1",
                            "ip_configurations.#": "0",
                            "name": "Presentation_Subnet1",
                            "network_security_group_id": "",
                            "resource_group_name": "Devs",
                            "route_table_id": "",
                            "service_endpoints.#": "0",
                            "virtual_network_name": "Presentation_myVnet"
                        },
                        "meta": {},
                        "tainted": false
                    },
                    "deposed": [],
                    "provider": "provider.azurerm"
                },
                "azurerm_virtual_machine.donnes": {
                    "type": "azurerm_virtual_machine",
                    "depends_on": [
                        "azurerm_network_interface.donnes.*",
                        "azurerm_resource_group.donnes"
                    ],
                    "primary": {
                        "id": "/subscriptions/5806e574-da31-41a3-ae94-2e95e35eb2e3/resourceGroups/Devs/providers/Microsoft.Compute/virtualMachines/donnes-0",
                        "attributes": {
                            "delete_data_disks_on_termination": "false",
                            "delete_os_disk_on_termination": "false",
                            "id": "/subscriptions/5806e574-da31-41a3-ae94-2e95e35eb2e3/resourceGroups/Devs/providers/Microsoft.Compute/virtualMachines/donnes-0",
                            "identity.#": "0",
                            "location": "eastus",
                            "name": "donnes-0",
                            "network_interface_ids.#": "1",
                            "network_interface_ids.0": "/subscriptions/5806e574-da31-41a3-ae94-2e95e35eb2e3/resourceGroups/Devs/providers/Microsoft.Network/networkInterfaces/donnes_myNIC-0",
                            "os_profile.#": "1",
                            "os_profile.2724662110.admin_password": "",
                            "os_profile.2724662110.admin_username": "azureuser",
                            "os_profile.2724662110.computer_name": "donnes-0",
                            "os_profile.2724662110.custom_data": "",
                            "os_profile_linux_config.#": "1",
                            "os_profile_linux_config.69840937.disable_password_authentication": "true",
                            "os_profile_linux_config.69840937.ssh_keys.#": "1",
                            "os_profile_linux_config.69840937.ssh_keys.0.key_data": "ssh-rsa AAAAB3NzaC1yc2EAAAADAQABAAABAQC25G/wnpjYHounebrOuLmEjrb3FSpXCTUDATuBXfISLeg4LYUdl6Xdf5gEpnC4tu1vrWJ8Kx8OtJbcErKcaN6fa8x0M8O5C3xyuaAcnjc4wZsJExXZTLE7cuJrdVmtdrn6slA+bYzyecFb35h8S6gO1uyNGNgjbkwdPU/khKzqwHd2gbxg56NNQFMFGwlLV2Lp9BubGD+ksMwUS9G81c0F6qEgdJ3bPfOql03qEwA+HeMdBWlXaA2lPpiV9i6MgbVNGLA6qeUL1sMp3jA5FdRq9SOxVO9fncz9Pbm04k8li0AtN7w/4lYtC0SzL8Y+5zirc32+ovCe9eFWde7Vz0M5 adminl@localhost.localdomain",
                            "os_profile_linux_config.69840937.ssh_keys.0.path": "/home/azureuser/.ssh/authorized_keys",
                            "os_profile_secrets.#": "0",
                            "os_profile_windows_config.#": "0",
                            "plan.#": "0",
                            "resource_group_name": "Devs",
                            "storage_data_disk.#": "0",
                            "storage_image_reference.#": "1",
                            "storage_image_reference.363552096.id": "",
                            "storage_image_reference.363552096.offer": "UbuntuServer",
                            "storage_image_reference.363552096.publisher": "Canonical",
                            "storage_image_reference.363552096.sku": "16.04.0-LTS",
                            "storage_image_reference.363552096.version": "latest",
                            "storage_os_disk.#": "1",
                            "storage_os_disk.0.caching": "ReadWrite",
                            "storage_os_disk.0.create_option": "FromImage",
                            "storage_os_disk.0.disk_size_gb": "30",
                            "storage_os_disk.0.image_uri": "",
                            "storage_os_disk.0.managed_disk_id": "/subscriptions/5806e574-da31-41a3-ae94-2e95e35eb2e3/resourceGroups/Devs/providers/Microsoft.Compute/disks/donnes-OsDisk-0",
                            "storage_os_disk.0.managed_disk_type": "Premium_LRS",
                            "storage_os_disk.0.name": "donnes-OsDisk-0",
                            "storage_os_disk.0.os_type": "Linux",
                            "storage_os_disk.0.vhd_uri": "",
                            "storage_os_disk.0.write_accelerator_enabled": "false",
                            "tags.%": "1",
                            "tags.environment": "data",
                            "vm_size": "Standard_B1ms",
                            "zones.#": "0"
                        },
                        "meta": {},
                        "tainted": false
                    },
                    "deposed": [],
                    "provider": "provider.azurerm"
                },
                "azurerm_virtual_machine.metier": {
                    "type": "azurerm_virtual_machine",
                    "depends_on": [
                        "azurerm_network_interface.metier.*",
                        "azurerm_resource_group.metier"
                    ],
                    "primary": {
                        "id": "/subscriptions/5806e574-da31-41a3-ae94-2e95e35eb2e3/resourceGroups/Devs/providers/Microsoft.Compute/virtualMachines/metier-0",
                        "attributes": {
                            "delete_data_disks_on_termination": "false",
                            "delete_os_disk_on_termination": "false",
                            "id": "/subscriptions/5806e574-da31-41a3-ae94-2e95e35eb2e3/resourceGroups/Devs/providers/Microsoft.Compute/virtualMachines/metier-0",
                            "identity.#": "0",
                            "location": "eastus",
                            "name": "metier-0",
                            "network_interface_ids.#": "1",
                            "network_interface_ids.0": "/subscriptions/5806e574-da31-41a3-ae94-2e95e35eb2e3/resourceGroups/Devs/providers/Microsoft.Network/networkInterfaces/metier_myNIC-0",
                            "os_profile.#": "1",
                            "os_profile.4178785680.admin_password": "",
                            "os_profile.4178785680.admin_username": "azureuser",
                            "os_profile.4178785680.computer_name": "metier-0",
                            "os_profile.4178785680.custom_data": "",
                            "os_profile_linux_config.#": "1",
                            "os_profile_linux_config.69840937.disable_password_authentication": "true",
                            "os_profile_linux_config.69840937.ssh_keys.#": "1",
                            "os_profile_linux_config.69840937.ssh_keys.0.key_data": "ssh-rsa AAAAB3NzaC1yc2EAAAADAQABAAABAQC25G/wnpjYHounebrOuLmEjrb3FSpXCTUDATuBXfISLeg4LYUdl6Xdf5gEpnC4tu1vrWJ8Kx8OtJbcErKcaN6fa8x0M8O5C3xyuaAcnjc4wZsJExXZTLE7cuJrdVmtdrn6slA+bYzyecFb35h8S6gO1uyNGNgjbkwdPU/khKzqwHd2gbxg56NNQFMFGwlLV2Lp9BubGD+ksMwUS9G81c0F6qEgdJ3bPfOql03qEwA+HeMdBWlXaA2lPpiV9i6MgbVNGLA6qeUL1sMp3jA5FdRq9SOxVO9fncz9Pbm04k8li0AtN7w/4lYtC0SzL8Y+5zirc32+ovCe9eFWde7Vz0M5 adminl@localhost.localdomain",
                            "os_profile_linux_config.69840937.ssh_keys.0.path": "/home/azureuser/.ssh/authorized_keys",
                            "os_profile_secrets.#": "0",
                            "os_profile_windows_config.#": "0",
                            "plan.#": "0",
                            "resource_group_name": "Devs",
                            "storage_data_disk.#": "0",
                            "storage_image_reference.#": "1",
                            "storage_image_reference.363552096.id": "",
                            "storage_image_reference.363552096.offer": "UbuntuServer",
                            "storage_image_reference.363552096.publisher": "Canonical",
                            "storage_image_reference.363552096.sku": "16.04.0-LTS",
                            "storage_image_reference.363552096.version": "latest",
                            "storage_os_disk.#": "1",
                            "storage_os_disk.0.caching": "ReadWrite",
                            "storage_os_disk.0.create_option": "FromImage",
                            "storage_os_disk.0.disk_size_gb": "30",
                            "storage_os_disk.0.image_uri": "",
                            "storage_os_disk.0.managed_disk_id": "/subscriptions/5806e574-da31-41a3-ae94-2e95e35eb2e3/resourceGroups/Devs/providers/Microsoft.Compute/disks/metier-OsDisk-0",
                            "storage_os_disk.0.managed_disk_type": "Premium_LRS",
                            "storage_os_disk.0.name": "metier-OsDisk-0",
                            "storage_os_disk.0.os_type": "Linux",
                            "storage_os_disk.0.vhd_uri": "",
                            "storage_os_disk.0.write_accelerator_enabled": "false",
                            "tags.%": "1",
                            "tags.environment": "APPS",
                            "vm_size": "Standard_B1ms",
                            "zones.#": "0"
                        },
                        "meta": {},
                        "tainted": false
                    },
                    "deposed": [],
                    "provider": "provider.azurerm"
                },
                "azurerm_virtual_machine.presentation.0": {
                    "type": "azurerm_virtual_machine",
                    "depends_on": [
                        "azurerm_network_interface.presentation.*",
                        "azurerm_resource_group.presentation"
                    ],
                    "primary": {
                        "id": "/subscriptions/5806e574-da31-41a3-ae94-2e95e35eb2e3/resourceGroups/Devs/providers/Microsoft.Compute/virtualMachines/presentation-0",
                        "attributes": {
                            "delete_data_disks_on_termination": "false",
                            "delete_os_disk_on_termination": "false",
                            "id": "/subscriptions/5806e574-da31-41a3-ae94-2e95e35eb2e3/resourceGroups/Devs/providers/Microsoft.Compute/virtualMachines/presentation-0",
                            "identity.#": "0",
                            "location": "eastus",
                            "name": "presentation-0",
                            "network_interface_ids.#": "1",
                            "network_interface_ids.0": "/subscriptions/5806e574-da31-41a3-ae94-2e95e35eb2e3/resourceGroups/Devs/providers/Microsoft.Network/networkInterfaces/myNIC-0",
                            "os_profile.#": "1",
                            "os_profile.2160032105.admin_password": "",
                            "os_profile.2160032105.admin_username": "azureuser",
                            "os_profile.2160032105.computer_name": "presentation-0",
                            "os_profile.2160032105.custom_data": "",
                            "os_profile_linux_config.#": "1",
                            "os_profile_linux_config.69840937.disable_password_authentication": "true",
                            "os_profile_linux_config.69840937.ssh_keys.#": "1",
                            "os_profile_linux_config.69840937.ssh_keys.0.key_data": "ssh-rsa AAAAB3NzaC1yc2EAAAADAQABAAABAQC25G/wnpjYHounebrOuLmEjrb3FSpXCTUDATuBXfISLeg4LYUdl6Xdf5gEpnC4tu1vrWJ8Kx8OtJbcErKcaN6fa8x0M8O5C3xyuaAcnjc4wZsJExXZTLE7cuJrdVmtdrn6slA+bYzyecFb35h8S6gO1uyNGNgjbkwdPU/khKzqwHd2gbxg56NNQFMFGwlLV2Lp9BubGD+ksMwUS9G81c0F6qEgdJ3bPfOql03qEwA+HeMdBWlXaA2lPpiV9i6MgbVNGLA6qeUL1sMp3jA5FdRq9SOxVO9fncz9Pbm04k8li0AtN7w/4lYtC0SzL8Y+5zirc32+ovCe9eFWde7Vz0M5 adminl@localhost.localdomain",
                            "os_profile_linux_config.69840937.ssh_keys.0.path": "/home/azureuser/.ssh/authorized_keys",
                            "os_profile_secrets.#": "0",
                            "os_profile_windows_config.#": "0",
                            "plan.#": "0",
                            "resource_group_name": "Devs",
                            "storage_data_disk.#": "0",
                            "storage_image_reference.#": "1",
                            "storage_image_reference.363552096.id": "",
                            "storage_image_reference.363552096.offer": "UbuntuServer",
                            "storage_image_reference.363552096.publisher": "Canonical",
                            "storage_image_reference.363552096.sku": "16.04.0-LTS",
                            "storage_image_reference.363552096.version": "latest",
                            "storage_os_disk.#": "1",
                            "storage_os_disk.0.caching": "ReadWrite",
                            "storage_os_disk.0.create_option": "FromImage",
                            "storage_os_disk.0.disk_size_gb": "30",
                            "storage_os_disk.0.image_uri": "",
                            "storage_os_disk.0.managed_disk_id": "/subscriptions/5806e574-da31-41a3-ae94-2e95e35eb2e3/resourceGroups/Devs/providers/Microsoft.Compute/disks/presentation-OsDisk-0",
                            "storage_os_disk.0.managed_disk_type": "Premium_LRS",
                            "storage_os_disk.0.name": "presentation-OsDisk-0",
                            "storage_os_disk.0.os_type": "Linux",
                            "storage_os_disk.0.vhd_uri": "",
                            "storage_os_disk.0.write_accelerator_enabled": "false",
                            "tags.%": "1",
                            "tags.environment": "Tech",
                            "vm_size": "Standard_B1ms",
                            "zones.#": "0"
                        },
                        "meta": {},
                        "tainted": false
                    },
                    "deposed": [],
                    "provider": "provider.azurerm"
                },
                "azurerm_virtual_machine.presentation.1": {
                    "type": "azurerm_virtual_machine",
                    "depends_on": [
                        "azurerm_network_interface.presentation.*",
                        "azurerm_resource_group.presentation"
                    ],
                    "primary": {
                        "id": "/subscriptions/5806e574-da31-41a3-ae94-2e95e35eb2e3/resourceGroups/Devs/providers/Microsoft.Compute/virtualMachines/presentation-1",
                        "attributes": {
                            "delete_data_disks_on_termination": "false",
                            "delete_os_disk_on_termination": "false",
                            "id": "/subscriptions/5806e574-da31-41a3-ae94-2e95e35eb2e3/resourceGroups/Devs/providers/Microsoft.Compute/virtualMachines/presentation-1",
                            "identity.#": "0",
                            "location": "eastus",
                            "name": "presentation-1",
                            "network_interface_ids.#": "1",
                            "network_interface_ids.0": "/subscriptions/5806e574-da31-41a3-ae94-2e95e35eb2e3/resourceGroups/Devs/providers/Microsoft.Network/networkInterfaces/myNIC-1",
                            "os_profile.#": "1",
                            "os_profile.2577680424.admin_password": "",
                            "os_profile.2577680424.admin_username": "azureuser",
                            "os_profile.2577680424.computer_name": "presentation-1",
                            "os_profile.2577680424.custom_data": "",
                            "os_profile_linux_config.#": "1",
                            "os_profile_linux_config.69840937.disable_password_authentication": "true",
                            "os_profile_linux_config.69840937.ssh_keys.#": "1",
                            "os_profile_linux_config.69840937.ssh_keys.0.key_data": "ssh-rsa AAAAB3NzaC1yc2EAAAADAQABAAABAQC25G/wnpjYHounebrOuLmEjrb3FSpXCTUDATuBXfISLeg4LYUdl6Xdf5gEpnC4tu1vrWJ8Kx8OtJbcErKcaN6fa8x0M8O5C3xyuaAcnjc4wZsJExXZTLE7cuJrdVmtdrn6slA+bYzyecFb35h8S6gO1uyNGNgjbkwdPU/khKzqwHd2gbxg56NNQFMFGwlLV2Lp9BubGD+ksMwUS9G81c0F6qEgdJ3bPfOql03qEwA+HeMdBWlXaA2lPpiV9i6MgbVNGLA6qeUL1sMp3jA5FdRq9SOxVO9fncz9Pbm04k8li0AtN7w/4lYtC0SzL8Y+5zirc32+ovCe9eFWde7Vz0M5 adminl@localhost.localdomain",
                            "os_profile_linux_config.69840937.ssh_keys.0.path": "/home/azureuser/.ssh/authorized_keys",
                            "os_profile_secrets.#": "0",
                            "os_profile_windows_config.#": "0",
                            "plan.#": "0",
                            "resource_group_name": "Devs",
                            "storage_data_disk.#": "0",
                            "storage_image_reference.#": "1",
                            "storage_image_reference.363552096.id": "",
                            "storage_image_reference.363552096.offer": "UbuntuServer",
                            "storage_image_reference.363552096.publisher": "Canonical",
                            "storage_image_reference.363552096.sku": "16.04.0-LTS",
                            "storage_image_reference.363552096.version": "latest",
                            "storage_os_disk.#": "1",
                            "storage_os_disk.0.caching": "ReadWrite",
                            "storage_os_disk.0.create_option": "FromImage",
                            "storage_os_disk.0.disk_size_gb": "30",
                            "storage_os_disk.0.image_uri": "",
                            "storage_os_disk.0.managed_disk_id": "/subscriptions/5806e574-da31-41a3-ae94-2e95e35eb2e3/resourceGroups/Devs/providers/Microsoft.Compute/disks/presentation-OsDisk-1",
                            "storage_os_disk.0.managed_disk_type": "Premium_LRS",
                            "storage_os_disk.0.name": "presentation-OsDisk-1",
                            "storage_os_disk.0.os_type": "Linux",
                            "storage_os_disk.0.vhd_uri": "",
                            "storage_os_disk.0.write_accelerator_enabled": "false",
                            "tags.%": "1",
                            "tags.environment": "Tech",
                            "vm_size": "Standard_B1ms",
                            "zones.#": "0"
                        },
                        "meta": {},
                        "tainted": false
                    },
                    "deposed": [],
                    "provider": "provider.azurerm"
                },
                "azurerm_virtual_network.donnes": {
                    "type": "azurerm_virtual_network",
                    "depends_on": [
                        "azurerm_resource_group.donnes"
                    ],
                    "primary": {
                        "id": "/subscriptions/5806e574-da31-41a3-ae94-2e95e35eb2e3/resourceGroups/Devs/providers/Microsoft.Network/virtualNetworks/donnes_myVnet",
                        "attributes": {
                            "address_space.#": "1",
                            "address_space.0": "10.2.0.0/16",
                            "ddos_protection_plan.#": "0",
                            "dns_servers.#": "0",
                            "id": "/subscriptions/5806e574-da31-41a3-ae94-2e95e35eb2e3/resourceGroups/Devs/providers/Microsoft.Network/virtualNetworks/donnes_myVnet",
                            "location": "eastus",
                            "name": "donnes_myVnet",
                            "resource_group_name": "Devs",
                            "subnet.#": "0",
                            "tags.%": "1",
                            "tags.environment": "data"
                        },
                        "meta": {},
                        "tainted": false
                    },
                    "deposed": [],
                    "provider": "provider.azurerm"
                },
                "azurerm_virtual_network.metier": {
                    "type": "azurerm_virtual_network",
                    "depends_on": [
                        "azurerm_resource_group.metier"
                    ],
                    "primary": {
                        "id": "/subscriptions/5806e574-da31-41a3-ae94-2e95e35eb2e3/resourceGroups/Devs/providers/Microsoft.Network/virtualNetworks/metier_myVnet",
                        "attributes": {
                            "address_space.#": "1",
                            "address_space.0": "10.1.0.0/16",
                            "ddos_protection_plan.#": "0",
                            "dns_servers.#": "0",
                            "id": "/subscriptions/5806e574-da31-41a3-ae94-2e95e35eb2e3/resourceGroups/Devs/providers/Microsoft.Network/virtualNetworks/metier_myVnet",
                            "location": "eastus",
                            "name": "metier_myVnet",
                            "resource_group_name": "Devs",
                            "subnet.#": "0",
                            "tags.%": "1",
                            "tags.environment": "APPS"
                        },
                        "meta": {},
                        "tainted": false
                    },
                    "deposed": [],
                    "provider": "provider.azurerm"
                },
                "azurerm_virtual_network.presentation": {
                    "type": "azurerm_virtual_network",
                    "depends_on": [
                        "azurerm_resource_group.presentation"
                    ],
                    "primary": {
                        "id": "/subscriptions/5806e574-da31-41a3-ae94-2e95e35eb2e3/resourceGroups/Devs/providers/Microsoft.Network/virtualNetworks/Presentation_myVnet",
                        "attributes": {
                            "address_space.#": "1",
                            "address_space.0": "10.0.0.0/16",
                            "ddos_protection_plan.#": "0",
                            "dns_servers.#": "0",
                            "id": "/subscriptions/5806e574-da31-41a3-ae94-2e95e35eb2e3/resourceGroups/Devs/providers/Microsoft.Network/virtualNetworks/Presentation_myVnet",
                            "location": "eastus",
                            "name": "Presentation_myVnet",
                            "resource_group_name": "Devs",
                            "subnet.#": "0",
                            "tags.%": "1",
                            "tags.environment": "Tech"
                        },
                        "meta": {},
                        "tainted": false
                    },
                    "deposed": [],
                    "provider": "provider.azurerm"
                }
            },
            "depends_on": []
        }
    ]
}
