{
    "version": 3,
    "terraform_version": "0.11.14",
    "serial": 12,
    "lineage": "ef4dc96c-f905-cbb0-23a3-315c4d133e39",
    "modules": [
        {
            "path": [
                "root"
            ],
            "outputs": {},
            "resources": {
                "google_compute_firewall.default": {
                    "type": "google_compute_firewall",
                    "depends_on": [
                        "google_compute_network.my-network"
                    ],
                    "primary": {
                        "id": "test-firewall",
                        "attributes": {
                            "allow.#": "1",
                            "allow.186047796.ports.#": "2",
                            "allow.186047796.ports.0": "80",
                            "allow.186047796.ports.1": "22",
                            "allow.186047796.protocol": "tcp",
                            "creation_timestamp": "2019-05-27T06:49:36.098-07:00",
                            "deny.#": "0",
                            "description": "",
                            "destination_ranges.#": "0",
                            "direction": "INGRESS",
                            "disabled": "false",
                            "id": "test-firewall",
                            "name": "test-firewall",
                            "network": "https://www.googleapis.com/compute/v1/projects/united-lane-241907/global/networks/default-europe-north1",
                            "priority": "1000",
                            "project": "united-lane-241907",
                            "self_link": "https://www.googleapis.com/compute/v1/projects/united-lane-241907/global/firewalls/test-firewall",
                            "source_ranges.#": "1",
                            "source_ranges.1080289494": "0.0.0.0/0",
                            "source_service_accounts.#": "0",
                            "source_tags.#": "0",
                            "target_service_accounts.#": "0",
                            "target_tags.#": "0"
                        },
                        "meta": {
                            "e2bfb730-ecaa-11e6-8f88-34363bc7c4c0": {
                                "create": 240000000000,
                                "delete": 240000000000,
                                "update": 240000000000
                            },
                            "schema_version": "1"
                        },
                        "tainted": false
                    },
                    "deposed": [],
                    "provider": "provider.google"
                },
                "google_compute_instance.vm_instance": {
                    "type": "google_compute_instance",
                    "depends_on": [
                        "google_compute_network.my-network",
                        "google_compute_subnetwork.subnetwork"
                    ],
                    "primary": {
                        "id": "terraform-instance",
                        "attributes": {
                            "attached_disk.#": "0",
                            "boot_disk.#": "1",
                            "boot_disk.0.auto_delete": "true",
                            "boot_disk.0.device_name": "persistent-disk-0",
                            "boot_disk.0.disk_encryption_key_raw": "",
                            "boot_disk.0.disk_encryption_key_sha256": "",
                            "boot_disk.0.initialize_params.#": "1",
                            "boot_disk.0.initialize_params.0.image": "https://www.googleapis.com/compute/v1/projects/debian-cloud/global/images/debian-9-stretch-v20190514",
                            "boot_disk.0.initialize_params.0.size": "10",
                            "boot_disk.0.initialize_params.0.type": "pd-standard",
                            "boot_disk.0.kms_key_self_link": "",
                            "boot_disk.0.source": "https://www.googleapis.com/compute/v1/projects/united-lane-241907/zones/europe-north1-a/disks/terraform-instance",
                            "can_ip_forward": "false",
                            "cpu_platform": "Intel Skylake",
                            "deletion_protection": "false",
                            "guest_accelerator.#": "0",
                            "hostname": "",
                            "id": "terraform-instance",
                            "instance_id": "2315745913198761443",
                            "label_fingerprint": "42WmSpB8rSM=",
                            "labels.%": "0",
                            "machine_type": "f1-micro",
                            "metadata.%": "0",
                            "metadata_fingerprint": "wRm8HF38ONc=",
                            "metadata_startup_script": "",
                            "min_cpu_platform": "",
                            "name": "terraform-instance",
                            "network_interface.#": "1",
                            "network_interface.0.access_config.#": "1",
                            "network_interface.0.access_config.0.assigned_nat_ip": "",
                            "network_interface.0.access_config.0.nat_ip": "35.228.128.250",
                            "network_interface.0.access_config.0.network_tier": "PREMIUM",
                            "network_interface.0.access_config.0.public_ptr_domain_name": "",
                            "network_interface.0.address": "",
                            "network_interface.0.alias_ip_range.#": "0",
                            "network_interface.0.name": "nic0",
                            "network_interface.0.network": "https://www.googleapis.com/compute/v1/projects/united-lane-241907/global/networks/default-europe-north1",
                            "network_interface.0.network_ip": "10.2.0.2",
                            "network_interface.0.subnetwork": "https://www.googleapis.com/compute/v1/projects/united-lane-241907/regions/europe-north1/subnetworks/test-subnetwork",
                            "network_interface.0.subnetwork_project": "united-lane-241907",
                            "project": "united-lane-241907",
                            "scheduling.#": "1",
                            "scheduling.0.automatic_restart": "true",
                            "scheduling.0.node_affinities.#": "0",
                            "scheduling.0.on_host_maintenance": "MIGRATE",
                            "scheduling.0.preemptible": "false",
                            "scratch_disk.#": "0",
                            "self_link": "https://www.googleapis.com/compute/v1/projects/united-lane-241907/zones/europe-north1-a/instances/terraform-instance",
                            "service_account.#": "0",
                            "shielded_instance_config.#": "0",
                            "tags.#": "1",
                            "tags.365508689": "web",
                            "tags_fingerprint": "3d9fNIIa_10=",
                            "zone": "europe-north1-a"
                        },
                        "meta": {
                            "e2bfb730-ecaa-11e6-8f88-34363bc7c4c0": {
                                "create": 360000000000,
                                "delete": 360000000000,
                                "update": 360000000000
                            },
                            "schema_version": "6"
                        },
                        "tainted": false
                    },
                    "deposed": [],
                    "provider": "provider.google"
                },
                "google_compute_network.my-network": {
                    "type": "google_compute_network",
                    "depends_on": [],
                    "primary": {
                        "id": "default-europe-north1",
                        "attributes": {
                            "auto_create_subnetworks": "false",
                            "delete_default_routes_on_create": "false",
                            "description": "",
                            "gateway_ipv4": "",
                            "id": "default-europe-north1",
                            "ipv4_range": "",
                            "name": "default-europe-north1",
                            "project": "united-lane-241907",
                            "routing_mode": "REGIONAL",
                            "self_link": "https://www.googleapis.com/compute/v1/projects/united-lane-241907/global/networks/default-europe-north1"
                        },
                        "meta": {
                            "e2bfb730-ecaa-11e6-8f88-34363bc7c4c0": {
                                "create": 240000000000,
                                "delete": 240000000000,
                                "update": 240000000000
                            }
                        },
                        "tainted": false
                    },
                    "deposed": [],
                    "provider": "provider.google"
                },
                "google_compute_project_metadata_item.ssh-keys": {
                    "type": "google_compute_project_metadata_item",
                    "depends_on": [],
                    "primary": {
                        "id": "ssh-keys",
                        "attributes": {
                            "id": "ssh-keys",
                            "key": "ssh-keys",
                            "value": "adminl:ssh-rsa AAAAB3NzaC1yc2EAAAADAQABAAABAQC25G/wnpjYHounebrOuLmEjrb3FSpXCTUDATuBXfISLeg4LYUdl6Xdf5gEpnC4tu1vrWJ8Kx8OtJbcErKcaN6fa8x0M8O5C3xyuaAcnjc4wZsJExXZTLE7cuJrdVmtdrn6slA+bYzyecFb35h8S6gO1uyNGNgjbkwdPU/khKzqwHd2gbxg56NNQFMFGwlLV2Lp9BubGD+ksMwUS9G81c0F6qEgdJ3bPfOql03qEwA+HeMdBWlXaA2lPpiV9i6MgbVNGLA6qeUL1sMp3jA5FdRq9SOxVO9fncz9Pbm04k8li0AtN7w/4lYtC0SzL8Y+5zirc32+ovCe9eFWde7Vz0M5 adminl@localhost.localdomain"
                        },
                        "meta": {
                            "e2bfb730-ecaa-11e6-8f88-34363bc7c4c0": {
                                "create": 300000000000,
                                "delete": 300000000000,
                                "update": 300000000000
                            }
                        },
                        "tainted": false
                    },
                    "deposed": [],
                    "provider": "provider.google"
                },
                "google_compute_subnetwork.subnetwork": {
                    "type": "google_compute_subnetwork",
                    "depends_on": [
                        "google_compute_network.my-network"
                    ],
                    "primary": {
                        "id": "europe-north1/test-subnetwork",
                        "attributes": {
                            "creation_timestamp": "2019-05-27T06:49:36.503-07:00",
                            "description": "",
                            "enable_flow_logs": "false",
                            "fingerprint": "C6Xbw_zXA4E=",
                            "gateway_address": "10.2.0.1",
                            "id": "europe-north1/test-subnetwork",
                            "ip_cidr_range": "10.2.0.0/16",
                            "name": "test-subnetwork",
                            "network": "https://www.googleapis.com/compute/v1/projects/united-lane-241907/global/networks/default-europe-north1",
                            "private_ip_google_access": "false",
                            "project": "united-lane-241907",
                            "region": "europe-north1",
                            "secondary_ip_range.#": "0",
                            "self_link": "https://www.googleapis.com/compute/v1/projects/united-lane-241907/regions/europe-north1/subnetworks/test-subnetwork"
                        },
                        "meta": {
                            "e2bfb730-ecaa-11e6-8f88-34363bc7c4c0": {
                                "create": 360000000000,
                                "delete": 360000000000,
                                "update": 360000000000
                            }
                        },
                        "tainted": false
                    },
                    "deposed": [],
                    "provider": "provider.google"
                }
            },
            "depends_on": []
        }
    ]
}
