{
    "version": 3,
    "terraform_version": "0.11.14",
    "serial": 31,
    "lineage": "ef4dc96c-f905-cbb0-23a3-315c4d133e39",
    "modules": [
        {
            "path": [
                "root"
            ],
            "outputs": {
                "client_certificate": {
                    "sensitive": false,
                    "type": "string",
                    "value": ""
                },
                "client_key": {
                    "sensitive": false,
                    "type": "string",
                    "value": ""
                },
                "cluster_ca_certificate": {
                    "sensitive": false,
                    "type": "string",
                    "value": "LS0tLS1CRUdJTiBDRVJUSUZJQ0FURS0tLS0tCk1JSURERENDQWZTZ0F3SUJBZ0lSQU1sU0ZLVkRPNnFpZnFUSnZiZFZXTGN3RFFZSktvWklodmNOQVFFTEJRQXcKTHpFdE1Dc0dBMVVFQXhNa05XUmxaRGsyTmpZdE9EQTROUzAwTW1Ga0xUZ3pZemN0WVRsalltTXhaRGc1T0dFeQpNQjRYRFRFNU1EVXlPREE1TkRjeU0xb1hEVEkwTURVeU5qRXdORGN5TTFvd0x6RXRNQ3NHQTFVRUF4TWtOV1JsClpEazJOall0T0RBNE5TMDBNbUZrTFRnell6Y3RZVGxqWW1NeFpEZzVPR0V5TUlJQklqQU5CZ2txaGtpRzl3MEIKQVFFRkFBT0NBUThBTUlJQkNnS0NBUUVBcWtiWXVTUzJBVjFFbzlUdG85RUYvbDFucUVnZlY5Ukc1NWwweFNMUwpWbGtKTjFIbmlESEhuMXlTdlNUWXBQNE4weUN4ei9uNi9RdHNOcnN0S1RqMk1BN3NPWGVJOGF0dzg0c2MyUU1xCmJmME5iTnVKRTdUTitrM3ZHdE5FVEg1WElBVTJBL1FFUHZ3bEhHN0JjTEFnTEMycHM4SGJNTXhuazZwb1hYUlEKenBsSTQxKzl0WEw3dHZMU2QrQld6cUlRM1I3OUUrNmtoR1BUcVNIbWUzWU5JdVAxSVVsdjVxRHNnMWM2SGZwVAo4TDZLZkE5Y0h3S0hYNDlybnpMSWJNNTE3QlBTNTNydk1nRElEdm9GQzVuWFA1VW1qYnhrMzVEVmNVMDNBV1hWCmhObnM4VHdBQ1Vsa2lhRkpDdVFFaFNRVTlFYjN5aGpIQWZCNVhwcEV0U3NKR3dJREFRQUJveU13SVRBT0JnTlYKSFE4QkFmOEVCQU1DQWdRd0R3WURWUjBUQVFIL0JBVXdBd0VCL3pBTkJna3Foa2lHOXcwQkFRc0ZBQU9DQVFFQQpUZkVSOURuMGdkS0R0VlQvRWw1MHhZazJkcTk2Z1RVbWlPV1Zqa2tMY2JvWStrUXZBUmw4ZlVYNEhDVGRZLzJ5Ck4ybWR3V3diUm1zM1BCN0d5cGxpajJhV3pFTmNLcDFOR0Fsbmh2WlhtcXdyNHpUMkNMSFNDSkhZSGQrdmlkcWwKRVRPT1F1QmhaaDB0ZkhHY3BxMVQrVlVjc2Z0MmtBV0JaWVI5RGlaZXdXV1AySlc3NFZYeFhnUER3YVF0dXBSdgpzcStPNUhNajh6YU9HNkgyMnBXbTNocFBIV3BUT0gxUThuS2xTQkUrdHZGWlFsQ09QanBBY1B5SHhvTkdNRDZYCnNwdndtamFqSjJzeTFKUG5CaFBwSDYrd0czV1NtSGRiQ3BwTktYUS9ST21mU3hYL1kvRXkzQVVWUGxKeit3ck4KSXA5K3hrb0xpVm95NHMxTFZVQ3RMdz09Ci0tLS0tRU5EIENFUlRJRklDQVRFLS0tLS0K"
                }
            },
            "resources": {
                "google_compute_firewall.default": {
                    "type": "google_compute_firewall",
                    "depends_on": [
                        "google_compute_network.my-network"
                    ],
                    "primary": {
                        "id": "test-firewall",
                        "attributes": {
                            "allow.#": "1",
                            "allow.2196066154.ports.#": "2",
                            "allow.2196066154.ports.0": "8080",
                            "allow.2196066154.ports.1": "22",
                            "allow.2196066154.protocol": "tcp",
                            "creation_timestamp": "2019-05-28T03:46:25.007-07:00",
                            "deny.#": "0",
                            "description": "",
                            "destination_ranges.#": "0",
                            "direction": "INGRESS",
                            "disabled": "false",
                            "id": "test-firewall",
                            "name": "test-firewall",
                            "network": "https://www.googleapis.com/compute/v1/projects/united-lane-241907/global/networks/myproject",
                            "priority": "1000",
                            "project": "united-lane-241907",
                            "self_link": "https://www.googleapis.com/compute/v1/projects/united-lane-241907/global/firewalls/test-firewall",
                            "source_ranges.#": "1",
                            "source_ranges.1080289494": "0.0.0.0/0",
                            "source_service_accounts.#": "0",
                            "source_tags.#": "0",
                            "target_service_accounts.#": "0",
                            "target_tags.#": "1",
                            "target_tags.2282622326": "admin"
                        },
                        "meta": {
                            "e2bfb730-ecaa-11e6-8f88-34363bc7c4c0": {
                                "create": 240000000000,
                                "delete": 240000000000,
                                "update": 240000000000
                            },
                            "schema_version": "1"
                        },
                        "tainted": false
                    },
                    "deposed": [],
                    "provider": "provider.google"
                },
                "google_compute_instance.admin-instance": {
                    "type": "google_compute_instance",
                    "depends_on": [
                        "google_compute_network.my-network",
                        "google_compute_subnetwork.admin"
                    ],
                    "primary": {
                        "id": "admin-instance",
                        "attributes": {
                            "attached_disk.#": "0",
                            "boot_disk.#": "1",
                            "boot_disk.0.auto_delete": "true",
                            "boot_disk.0.device_name": "persistent-disk-0",
                            "boot_disk.0.disk_encryption_key_raw": "",
                            "boot_disk.0.disk_encryption_key_sha256": "",
                            "boot_disk.0.initialize_params.#": "1",
                            "boot_disk.0.initialize_params.0.image": "https://www.googleapis.com/compute/v1/projects/centos-cloud/global/images/centos-7-v20190515",
                            "boot_disk.0.initialize_params.0.size": "10",
                            "boot_disk.0.initialize_params.0.type": "pd-standard",
                            "boot_disk.0.kms_key_self_link": "",
                            "boot_disk.0.source": "https://www.googleapis.com/compute/v1/projects/united-lane-241907/zones/europe-north1-a/disks/admin-instance",
                            "can_ip_forward": "false",
                            "cpu_platform": "Intel Skylake",
                            "deletion_protection": "false",
                            "guest_accelerator.#": "0",
                            "hostname": "",
                            "id": "admin-instance",
                            "instance_id": "7377082172492001138",
                            "label_fingerprint": "42WmSpB8rSM=",
                            "labels.%": "0",
                            "machine_type": "f1-micro",
                            "metadata.%": "0",
                            "metadata_fingerprint": "wRm8HF38ONc=",
                            "metadata_startup_script": "",
                            "min_cpu_platform": "",
                            "name": "admin-instance",
                            "network_interface.#": "1",
                            "network_interface.0.access_config.#": "1",
                            "network_interface.0.access_config.0.assigned_nat_ip": "",
                            "network_interface.0.access_config.0.nat_ip": "35.228.238.112",
                            "network_interface.0.access_config.0.network_tier": "PREMIUM",
                            "network_interface.0.access_config.0.public_ptr_domain_name": "",
                            "network_interface.0.address": "",
                            "network_interface.0.alias_ip_range.#": "0",
                            "network_interface.0.name": "nic0",
                            "network_interface.0.network": "https://www.googleapis.com/compute/v1/projects/united-lane-241907/global/networks/myproject",
                            "network_interface.0.network_ip": "10.5.0.2",
                            "network_interface.0.subnetwork": "https://www.googleapis.com/compute/v1/projects/united-lane-241907/regions/europe-north1/subnetworks/admin-subnetwork",
                            "network_interface.0.subnetwork_project": "united-lane-241907",
                            "project": "united-lane-241907",
                            "scheduling.#": "1",
                            "scheduling.0.automatic_restart": "true",
                            "scheduling.0.node_affinities.#": "0",
                            "scheduling.0.on_host_maintenance": "MIGRATE",
                            "scheduling.0.preemptible": "false",
                            "scratch_disk.#": "0",
                            "self_link": "https://www.googleapis.com/compute/v1/projects/united-lane-241907/zones/europe-north1-a/instances/admin-instance",
                            "service_account.#": "0",
                            "shielded_instance_config.#": "0",
                            "tags.#": "1",
                            "tags.2282622326": "admin",
                            "tags_fingerprint": "cPnPpVf2jUk=",
                            "zone": "europe-north1-a"
                        },
                        "meta": {
                            "e2bfb730-ecaa-11e6-8f88-34363bc7c4c0": {
                                "create": 360000000000,
                                "delete": 360000000000,
                                "update": 360000000000
                            },
                            "schema_version": "6"
                        },
                        "tainted": false
                    },
                    "deposed": [],
                    "provider": "provider.google"
                },
                "google_compute_network.my-network": {
                    "type": "google_compute_network",
                    "depends_on": [],
                    "primary": {
                        "id": "myproject",
                        "attributes": {
                            "auto_create_subnetworks": "false",
                            "delete_default_routes_on_create": "false",
                            "description": "",
                            "gateway_ipv4": "",
                            "id": "myproject",
                            "ipv4_range": "",
                            "name": "myproject",
                            "project": "united-lane-241907",
                            "routing_mode": "REGIONAL",
                            "self_link": "https://www.googleapis.com/compute/v1/projects/united-lane-241907/global/networks/myproject"
                        },
                        "meta": {
                            "e2bfb730-ecaa-11e6-8f88-34363bc7c4c0": {
                                "create": 240000000000,
                                "delete": 240000000000,
                                "update": 240000000000
                            }
                        },
                        "tainted": false
                    },
                    "deposed": [],
                    "provider": "provider.google"
                },
                "google_compute_project_metadata_item.ssh-keys": {
                    "type": "google_compute_project_metadata_item",
                    "depends_on": [],
                    "primary": {
                        "id": "ssh-keys",
                        "attributes": {
                            "id": "ssh-keys",
                            "key": "ssh-keys",
                            "value": "adminl:ssh-rsa AAAAB3NzaC1yc2EAAAADAQABAAABAQC25G/wnpjYHounebrOuLmEjrb3FSpXCTUDATuBXfISLeg4LYUdl6Xdf5gEpnC4tu1vrWJ8Kx8OtJbcErKcaN6fa8x0M8O5C3xyuaAcnjc4wZsJExXZTLE7cuJrdVmtdrn6slA+bYzyecFb35h8S6gO1uyNGNgjbkwdPU/khKzqwHd2gbxg56NNQFMFGwlLV2Lp9BubGD+ksMwUS9G81c0F6qEgdJ3bPfOql03qEwA+HeMdBWlXaA2lPpiV9i6MgbVNGLA6qeUL1sMp3jA5FdRq9SOxVO9fncz9Pbm04k8li0AtN7w/4lYtC0SzL8Y+5zirc32+ovCe9eFWde7Vz0M5 adminl@localhost.localdomain"
                        },
                        "meta": {
                            "e2bfb730-ecaa-11e6-8f88-34363bc7c4c0": {
                                "create": 300000000000,
                                "delete": 300000000000,
                                "update": 300000000000
                            }
                        },
                        "tainted": false
                    },
                    "deposed": [],
                    "provider": "provider.google"
                },
                "google_compute_subnetwork.admin": {
                    "type": "google_compute_subnetwork",
                    "depends_on": [
                        "google_compute_network.my-network"
                    ],
                    "primary": {
                        "id": "europe-north1/admin-subnetwork",
                        "attributes": {
                            "creation_timestamp": "2019-05-28T03:46:25.005-07:00",
                            "description": "",
                            "enable_flow_logs": "false",
                            "fingerprint": "IXYQ6thrUUc=",
                            "gateway_address": "10.5.0.1",
                            "id": "europe-north1/admin-subnetwork",
                            "ip_cidr_range": "10.5.0.0/21",
                            "name": "admin-subnetwork",
                            "network": "https://www.googleapis.com/compute/v1/projects/united-lane-241907/global/networks/myproject",
                            "private_ip_google_access": "false",
                            "project": "united-lane-241907",
                            "region": "europe-north1",
                            "secondary_ip_range.#": "0",
                            "self_link": "https://www.googleapis.com/compute/v1/projects/united-lane-241907/regions/europe-north1/subnetworks/admin-subnetwork"
                        },
                        "meta": {
                            "e2bfb730-ecaa-11e6-8f88-34363bc7c4c0": {
                                "create": 360000000000,
                                "delete": 360000000000,
                                "update": 360000000000
                            }
                        },
                        "tainted": false
                    },
                    "deposed": [],
                    "provider": "provider.google"
                },
                "google_compute_subnetwork.kube": {
                    "type": "google_compute_subnetwork",
                    "depends_on": [
                        "google_compute_network.my-network"
                    ],
                    "primary": {
                        "id": "europe-north1/kube-subnetwork-pod",
                        "attributes": {
                            "creation_timestamp": "2019-05-28T03:46:25.299-07:00",
                            "description": "",
                            "enable_flow_logs": "false",
                            "fingerprint": "fCM1TyStL1s=",
                            "gateway_address": "10.6.0.1",
                            "id": "europe-north1/kube-subnetwork-pod",
                            "ip_cidr_range": "10.6.0.0/21",
                            "name": "kube-subnetwork-pod",
                            "network": "https://www.googleapis.com/compute/v1/projects/united-lane-241907/global/networks/myproject",
                            "private_ip_google_access": "false",
                            "project": "united-lane-241907",
                            "region": "europe-north1",
                            "secondary_ip_range.#": "2",
                            "secondary_ip_range.0.ip_cidr_range": "10.7.0.0/21",
                            "secondary_ip_range.0.range_name": "kube-subnetwork-node",
                            "secondary_ip_range.1.ip_cidr_range": "10.8.0.0/21",
                            "secondary_ip_range.1.range_name": "kube-subnetwork-service",
                            "self_link": "https://www.googleapis.com/compute/v1/projects/united-lane-241907/regions/europe-north1/subnetworks/kube-subnetwork-pod"
                        },
                        "meta": {
                            "e2bfb730-ecaa-11e6-8f88-34363bc7c4c0": {
                                "create": 360000000000,
                                "delete": 360000000000,
                                "update": 360000000000
                            }
                        },
                        "tainted": false
                    },
                    "deposed": [],
                    "provider": "provider.google"
                },
                "google_container_cluster.primary": {
                    "type": "google_container_cluster",
                    "depends_on": [
                        "google_compute_network.my-network",
                        "google_compute_subnetwork.kube"
                    ],
                    "primary": {
                        "id": "my-gke-cluster",
                        "attributes": {
                            "additional_zones.#": "0",
                            "addons_config.#": "1",
                            "addons_config.0.horizontal_pod_autoscaling.#": "0",
                            "addons_config.0.http_load_balancing.#": "0",
                            "addons_config.0.kubernetes_dashboard.#": "1",
                            "addons_config.0.kubernetes_dashboard.0.disabled": "true",
                            "addons_config.0.network_policy_config.#": "1",
                            "addons_config.0.network_policy_config.0.disabled": "true",
                            "cluster_autoscaling.#": "0",
                            "cluster_ipv4_cidr": "10.7.0.0/21",
                            "description": "",
                            "enable_kubernetes_alpha": "false",
                            "enable_legacy_abac": "false",
                            "endpoint": "10.10.0.2",
                            "id": "my-gke-cluster",
                            "initial_node_count": "2",
                            "instance_group_urls.#": "0",
                            "ip_allocation_policy.#": "1",
                            "ip_allocation_policy.0.cluster_ipv4_cidr_block": "10.7.0.0/21",
                            "ip_allocation_policy.0.cluster_secondary_range_name": "kube-subnetwork-node",
                            "ip_allocation_policy.0.create_subnetwork": "false",
                            "ip_allocation_policy.0.node_ipv4_cidr_block": "10.6.0.0/21",
                            "ip_allocation_policy.0.services_ipv4_cidr_block": "10.8.0.0/21",
                            "ip_allocation_policy.0.services_secondary_range_name": "kube-subnetwork-service",
                            "ip_allocation_policy.0.subnetwork_name": "",
                            "ip_allocation_policy.0.use_ip_aliases": "true",
                            "location": "europe-north1-a",
                            "logging_service": "logging.googleapis.com",
                            "maintenance_policy.#": "0",
                            "master_auth.#": "1",
                            "master_auth.0.client_certificate": "",
                            "master_auth.0.client_certificate_config.#": "1",
                            "master_auth.0.client_certificate_config.0.issue_client_certificate": "false",
                            "master_auth.0.client_key": "",
                            "master_auth.0.cluster_ca_certificate": "LS0tLS1CRUdJTiBDRVJUSUZJQ0FURS0tLS0tCk1JSURERENDQWZTZ0F3SUJBZ0lSQU1sU0ZLVkRPNnFpZnFUSnZiZFZXTGN3RFFZSktvWklodmNOQVFFTEJRQXcKTHpFdE1Dc0dBMVVFQXhNa05XUmxaRGsyTmpZdE9EQTROUzAwTW1Ga0xUZ3pZemN0WVRsalltTXhaRGc1T0dFeQpNQjRYRFRFNU1EVXlPREE1TkRjeU0xb1hEVEkwTURVeU5qRXdORGN5TTFvd0x6RXRNQ3NHQTFVRUF4TWtOV1JsClpEazJOall0T0RBNE5TMDBNbUZrTFRnell6Y3RZVGxqWW1NeFpEZzVPR0V5TUlJQklqQU5CZ2txaGtpRzl3MEIKQVFFRkFBT0NBUThBTUlJQkNnS0NBUUVBcWtiWXVTUzJBVjFFbzlUdG85RUYvbDFucUVnZlY5Ukc1NWwweFNMUwpWbGtKTjFIbmlESEhuMXlTdlNUWXBQNE4weUN4ei9uNi9RdHNOcnN0S1RqMk1BN3NPWGVJOGF0dzg0c2MyUU1xCmJmME5iTnVKRTdUTitrM3ZHdE5FVEg1WElBVTJBL1FFUHZ3bEhHN0JjTEFnTEMycHM4SGJNTXhuazZwb1hYUlEKenBsSTQxKzl0WEw3dHZMU2QrQld6cUlRM1I3OUUrNmtoR1BUcVNIbWUzWU5JdVAxSVVsdjVxRHNnMWM2SGZwVAo4TDZLZkE5Y0h3S0hYNDlybnpMSWJNNTE3QlBTNTNydk1nRElEdm9GQzVuWFA1VW1qYnhrMzVEVmNVMDNBV1hWCmhObnM4VHdBQ1Vsa2lhRkpDdVFFaFNRVTlFYjN5aGpIQWZCNVhwcEV0U3NKR3dJREFRQUJveU13SVRBT0JnTlYKSFE4QkFmOEVCQU1DQWdRd0R3WURWUjBUQVFIL0JBVXdBd0VCL3pBTkJna3Foa2lHOXcwQkFRc0ZBQU9DQVFFQQpUZkVSOURuMGdkS0R0VlQvRWw1MHhZazJkcTk2Z1RVbWlPV1Zqa2tMY2JvWStrUXZBUmw4ZlVYNEhDVGRZLzJ5Ck4ybWR3V3diUm1zM1BCN0d5cGxpajJhV3pFTmNLcDFOR0Fsbmh2WlhtcXdyNHpUMkNMSFNDSkhZSGQrdmlkcWwKRVRPT1F1QmhaaDB0ZkhHY3BxMVQrVlVjc2Z0MmtBV0JaWVI5RGlaZXdXV1AySlc3NFZYeFhnUER3YVF0dXBSdgpzcStPNUhNajh6YU9HNkgyMnBXbTNocFBIV3BUT0gxUThuS2xTQkUrdHZGWlFsQ09QanBBY1B5SHhvTkdNRDZYCnNwdndtamFqSjJzeTFKUG5CaFBwSDYrd0czV1NtSGRiQ3BwTktYUS9ST21mU3hYL1kvRXkzQVVWUGxKeit3ck4KSXA5K3hrb0xpVm95NHMxTFZVQ3RMdz09Ci0tLS0tRU5EIENFUlRJRklDQVRFLS0tLS0K",
                            "master_auth.0.password": "BOURNE02-08-1984",
                            "master_auth.0.username": "adminl",
                            "master_authorized_networks_config.#": "1",
                            "master_authorized_networks_config.0.cidr_blocks.#": "1",
                            "master_authorized_networks_config.0.cidr_blocks.3191155364.cidr_block": "10.5.0.0/24",
                            "master_authorized_networks_config.0.cidr_blocks.3191155364.display_name": "acces-admin",
                            "master_version": "1.12.7-gke.10",
                            "monitoring_service": "monitoring.googleapis.com",
                            "name": "my-gke-cluster",
                            "network": "projects/united-lane-241907/global/networks/myproject",
                            "network_policy.#": "1",
                            "network_policy.0.enabled": "false",
                            "network_policy.0.provider": "PROVIDER_UNSPECIFIED",
                            "node_config.#": "0",
                            "node_locations.#": "0",
                            "node_pool.#": "0",
                            "node_version": "1.12.7-gke.10",
                            "private_cluster_config.#": "1",
                            "private_cluster_config.0.enable_private_endpoint": "true",
                            "private_cluster_config.0.enable_private_nodes": "true",
                            "private_cluster_config.0.master_ipv4_cidr_block": "10.10.0.0/28",
                            "private_cluster_config.0.private_endpoint": "10.10.0.2",
                            "private_cluster_config.0.public_endpoint": "35.228.7.159",
                            "project": "united-lane-241907",
                            "remove_default_node_pool": "true",
                            "resource_labels.%": "0",
                            "subnetwork": "projects/united-lane-241907/regions/europe-north1/subnetworks/kube-subnetwork-pod",
                            "zone": "europe-north1-a"
                        },
                        "meta": {
                            "e2bfb730-ecaa-11e6-8f88-34363bc7c4c0": {
                                "create": 1800000000000,
                                "delete": 1800000000000,
                                "update": 1800000000000
                            },
                            "schema_version": "1"
                        },
                        "tainted": false
                    },
                    "deposed": [],
                    "provider": "provider.google"
                },
                "google_container_node_pool.statefull": {
                    "type": "google_container_node_pool",
                    "depends_on": [
                        "google_container_cluster.primary"
                    ],
                    "primary": {
                        "id": "europe-north1-a/my-gke-cluster/statefull",
                        "attributes": {
                            "cluster": "my-gke-cluster",
                            "id": "europe-north1-a/my-gke-cluster/statefull",
                            "initial_node_count": "1",
                            "instance_group_urls.#": "1",
                            "instance_group_urls.0": "https://www.googleapis.com/compute/v1/projects/united-lane-241907/zones/europe-north1-a/instanceGroupManagers/gke-my-gke-cluster-statefull-4d1af7b6-grp",
                            "location": "europe-north1-a",
                            "management.#": "1",
                            "management.0.auto_repair": "false",
                            "management.0.auto_upgrade": "false",
                            "name": "statefull",
                            "name_prefix": "",
                            "node_config.#": "1",
                            "node_config.0.disk_size_gb": "100",
                            "node_config.0.disk_type": "pd-standard",
                            "node_config.0.guest_accelerator.#": "0",
                            "node_config.0.image_type": "COS",
                            "node_config.0.labels.%": "0",
                            "node_config.0.local_ssd_count": "0",
                            "node_config.0.machine_type": "n1-standard-1",
                            "node_config.0.metadata.%": "1",
                            "node_config.0.metadata.disable-legacy-endpoints": "true",
                            "node_config.0.min_cpu_platform": "",
                            "node_config.0.oauth_scopes.#": "2",
                            "node_config.0.oauth_scopes.1277378754": "https://www.googleapis.com/auth/monitoring",
                            "node_config.0.oauth_scopes.172152165": "https://www.googleapis.com/auth/logging.write",
                            "node_config.0.preemptible": "true",
                            "node_config.0.service_account": "default",
                            "node_config.0.tags.#": "0",
                            "node_config.0.taint.#": "0",
                            "node_config.0.workload_metadata_config.#": "0",
                            "node_count": "1",
                            "project": "united-lane-241907",
                            "version": "1.12.7-gke.10",
                            "zone": "europe-north1-a"
                        },
                        "meta": {
                            "e2bfb730-ecaa-11e6-8f88-34363bc7c4c0": {
                                "create": 1800000000000,
                                "delete": 600000000000,
                                "update": 600000000000
                            },
                            "schema_version": "1"
                        },
                        "tainted": false
                    },
                    "deposed": [],
                    "provider": "provider.google"
                },
                "google_container_node_pool.stateless": {
                    "type": "google_container_node_pool",
                    "depends_on": [
                        "google_container_cluster.primary"
                    ],
                    "primary": {
                        "id": "europe-north1-a/my-gke-cluster/stateless",
                        "attributes": {
                            "cluster": "my-gke-cluster",
                            "id": "europe-north1-a/my-gke-cluster/stateless",
                            "initial_node_count": "1",
                            "instance_group_urls.#": "1",
                            "instance_group_urls.0": "https://www.googleapis.com/compute/v1/projects/united-lane-241907/zones/europe-north1-a/instanceGroupManagers/gke-my-gke-cluster-stateless-3e0f7c4c-grp",
                            "location": "europe-north1-a",
                            "management.#": "1",
                            "management.0.auto_repair": "false",
                            "management.0.auto_upgrade": "false",
                            "name": "stateless",
                            "name_prefix": "",
                            "node_config.#": "1",
                            "node_config.0.disk_size_gb": "100",
                            "node_config.0.disk_type": "pd-standard",
                            "node_config.0.guest_accelerator.#": "0",
                            "node_config.0.image_type": "COS",
                            "node_config.0.labels.%": "0",
                            "node_config.0.local_ssd_count": "0",
                            "node_config.0.machine_type": "n1-standard-1",
                            "node_config.0.metadata.%": "1",
                            "node_config.0.metadata.disable-legacy-endpoints": "true",
                            "node_config.0.min_cpu_platform": "",
                            "node_config.0.oauth_scopes.#": "2",
                            "node_config.0.oauth_scopes.1277378754": "https://www.googleapis.com/auth/monitoring",
                            "node_config.0.oauth_scopes.172152165": "https://www.googleapis.com/auth/logging.write",
                            "node_config.0.preemptible": "true",
                            "node_config.0.service_account": "default",
                            "node_config.0.tags.#": "0",
                            "node_config.0.taint.#": "0",
                            "node_config.0.workload_metadata_config.#": "0",
                            "node_count": "1",
                            "project": "united-lane-241907",
                            "version": "1.12.7-gke.10",
                            "zone": "europe-north1-a"
                        },
                        "meta": {
                            "e2bfb730-ecaa-11e6-8f88-34363bc7c4c0": {
                                "create": 1800000000000,
                                "delete": 600000000000,
                                "update": 600000000000
                            },
                            "schema_version": "1"
                        },
                        "tainted": false
                    },
                    "deposed": [],
                    "provider": "provider.google"
                }
            },
            "depends_on": []
        }
    ]
}
